
Microsoft Visual Studio Solution File, Format Version 12.00
# Visual Studio Version 17
VisualStudioVersion = 17.5.33414.496
MinimumVisualStudioVersion = 10.0.40219.1
Project("{FAE04EC0-301F-11D3-BF4B-00C04F79EFBC}") = "Aula02Exercicio11", "Aula02Exercicio11.csproj", "{D9E9CB22-7CC7-4CA2-97F9-58D80F462F33}"
EndProject
Global
	GlobalSection(SolutionConfigurationPlatforms) = preSolution
		Debug|Any CPU = Debug|Any CPU
		Release|Any CPU = Release|Any CPU
	EndGlobalSection
	GlobalSection(ProjectConfigurationPlatforms) = postSolution
		{D9E9CB22-7CC7-4CA2-97F9-58D80F462F33}.Debug|Any CPU.ActiveCfg = Debug|Any CPU
		{D9E9CB22-7CC7-4CA2-97F9-58D80F462F33}.Debug|Any CPU.Build.0 = Debug|Any CPU
		{D9E9CB22-7CC7-4CA2-97F9-58D80F462F33}.Release|Any CPU.ActiveCfg = Release|Any CPU
		{D9E9CB22-7CC7-4CA2-97F9-58D80F462F33}.Release|Any CPU.Build.0 = Release|Any CPU
	EndGlobalSection
	GlobalSection(SolutionProperties) = preSolution
		HideSolutionNode = FALSE
	EndGlobalSection
	GlobalSection(ExtensibilityGlobals) = postSolution
		SolutionGuid = {D1482E85-3798-4AFF-80CA-33533F820477}
	EndGlobalSection
EndGlobal
